<?xml version="1.0" encoding="utf-8"?>
<Project ToolsVersion="4.0" xmlns="http://schemas.microsoft.com/developer/msbuild/2003">
  <ItemGroup>
    <Filter Include="Source Files">
      <UniqueIdentifier>{4FC737F1-C7A5-4376-A066-2A32D752A2FF}</UniqueIdentifier>
      <Extensions>cpp;c;cc;cxx;def;odl;idl;hpj;bat;asm;asmx</Extensions>
    </Filter>
    <Filter Include="Header Files">
      <UniqueIdentifier>{93995380-89BD-4b04-88EB-625FBE52EBFB}</UniqueIdentifier>
      <Extensions>h;hh;hpp;hxx;hm;inl;inc;xsd</Extensions>
    </Filter>
    <Filter Include="Resource Files">
      <UniqueIdentifier>{67DA6AB6-F800-4c08-8B7A-83BB121AAD01}</UniqueIdentifier>
      <Extensions>rc;ico;cur;bmp;dlg;rc2;rct;bin;rgs;gif;jpg;jpeg;jpe;resx;tiff;tif;png;wav;mfcribbon-ms</Extensions>
    </Filter>
  </ItemGroup>
  <ItemGroup>
    <ClInclude Include="Bird.h">
      <Filter>Header Files</Filter>
    </ClInclude>
    <ClInclude Include="LTexture.h">
      <Filter>Header Files</Filter>
    </ClInclude>
    <ClInclude Include="libs\SDL_image.h">
      <Filter>Header Files</Filter>
    </ClInclude>
  </ItemGroup>
  <ItemGroup>
    <ClCompile Include="Source.cpp">
      <Filter>Source Files</Filter>
    </ClCompile>
    <ClCompile Include="Bird.cpp">
      <Filter>Source Files</Filter>
    </ClCompile>
    <ClCompile Include="LTexture.cpp">
      <Filter>Source Files</Filter>
    </ClCompile>
  </ItemGroup>
  <ItemGroup>
    <Library Include="libs\SDL2.lib">
      <Filter>Resource Files</Filter>
    </Library>
    <Library Include="libs\SDL2_image.lib">
      <Filter>Resource Files</Filter>
    </Library>
    <Library Include="libs\SDL2_ttf.lib">
      <Filter>Resource Files</Filter>
    </Library>
    <Library Include="libs\SDL2main.lib">
      <Filter>Resource Files</Filter>
    </Library>
    <Library Include="libs\SDL2test.lib">
      <Filter>Resource Files</Filter>
    </Library>
  </ItemGroup>
  <ItemGroup>
    <None Include="libs\libfreetype-6.dll">
      <Filter>Resource Files</Filter>
    </None>
    <None Include="libs\libjpeg-9.dll">
      <Filter>Resource Files</Filter>
    </None>
    <None Include="libs\libpng16-16.dll">
      <Filter>Resource Files</Filter>
    </None>
    <None Include="libs\libtiff-5.dll">
      <Filter>Resource Files</Filter>
    </None>
    <None Include="libs\libwebp-7.dll">
      <Filter>Resource Files</Filter>
    </None>
    <None Include="libs\SDL2.dll">
      <Filter>Resource Files</Filter>
    </None>
    <None Include="libs\SDL2_image.dll">
      <Filter>Resource Files</Filter>
    </None>
    <None Include="libs\SDL2_ttf.dll">
      <Filter>Resource Files</Filter>
    </None>
    <None Include="libs\zlib1.dll">
      <Filter>Resource Files</Filter>
    </None>
  </ItemGroup>
  <ItemGroup>
    <Text Include="libs\LICENSE.freetype.txt">
      <Filter>Resource Files</Filter>
    </Text>
    <Text Include="libs\LICENSE.jpeg.txt">
      <Filter>Resource Files</Filter>
    </Text>
    <Text Include="libs\LICENSE.png.txt">
      <Filter>Resource Files</Filter>
    </Text>
    <Text Include="libs\LICENSE.tiff.txt">
      <Filter>Resource Files</Filter>
    </Text>
    <Text Include="libs\LICENSE.webp.txt">
      <Filter>Resource Files</Filter>
    </Text>
    <Text Include="libs\LICENSE.zlib.txt">
      <Filter>Resource Files</Filter>
    </Text>
  </ItemGroup>
  <ItemGroup>
    <Image Include="imgs\birdchu.bmp">
      <Filter>Resource Files</Filter>
    </Image>
    <Image Include="imgs\board.bmp">
      <Filter>Resource Files</Filter>
    </Image>
    <Image Include="imgs\pipe.bmp">
      <Filter>Resource Files</Filter>
    </Image>
    <Image Include="imgs\endgame.bmp">
      <Filter>Resource Files</Filter>
    </Image>
    <Image Include="imgs\pipe2.bmp">
      <Filter>Resource Files</Filter>
    </Image>
  </ItemGroup>
  <ItemGroup>
    <Font Include="libs\lazy.ttf">
      <Filter>Resource Files</Filter>
    </Font>
  </ItemGroup>
</Project>